// !$*UTF8*$!
{
	archiveVersion = 1;
	classes = {
	};
	objectVersion = 56;
	objects = {

/* Begin PBXBuildFile section */
		CD2C7B16295EDADD00A52305 /* cheetah.mp4 in Resources */ = {isa = PBXBuildFile; fileRef = CD2C7B0C295EDADA00A52305 /* cheetah.mp4 */; };
		CD2C7B17295EDADD00A52305 /* zebra.mp4 in Resources */ = {isa = PBXBuildFile; fileRef = CD2C7B0D295EDADB00A52305 /* zebra.mp4 */; };
		CD2C7B18295EDADD00A52305 /* ostrich.mp4 in Resources */ = {isa = PBXBuildFile; fileRef = CD2C7B0E295EDADB00A52305 /* ostrich.mp4 */; };
		CD2C7B19295EDADD00A52305 /* gorilla.mp4 in Resources */ = {isa = PBXBuildFile; fileRef = CD2C7B0F295EDADB00A52305 /* gorilla.mp4 */; };
		CD2C7B1A295EDADD00A52305 /* rhino.mp4 in Resources */ = {isa = PBXBuildFile; fileRef = CD2C7B10295EDADC00A52305 /* rhino.mp4 */; };
		CD2C7B1B295EDADD00A52305 /* elephant.mp4 in Resources */ = {isa = PBXBuildFile; fileRef = CD2C7B11295EDADC00A52305 /* elephant.mp4 */; };
		CD2C7B1C295EDADD00A52305 /* lion.mp4 in Resources */ = {isa = PBXBuildFile; fileRef = CD2C7B12295EDADC00A52305 /* lion.mp4 */; };
		CD2C7B1D295EDADD00A52305 /* giraffe.mp4 in Resources */ = {isa = PBXBuildFile; fileRef = CD2C7B13295EDADC00A52305 /* giraffe.mp4 */; };
		CD2C7B1E295EDADD00A52305 /* lioness.mp4 in Resources */ = {isa = PBXBuildFile; fileRef = CD2C7B14295EDADD00A52305 /* lioness.mp4 */; };
		CD2C7B1F295EDADD00A52305 /* hippo.mp4 in Resources */ = {isa = PBXBuildFile; fileRef = CD2C7B15295EDADD00A52305 /* hippo.mp4 */; };
		CD587A36295D9564005792B9 /* InsetFactView.swift in Sources */ = {isa = PBXBuildFile; fileRef = CD587A35295D9564005792B9 /* InsetFactView.swift */; };
		CD5C3651295E9E2300ED2BA8 /* InsetMapView.swift in Sources */ = {isa = PBXBuildFile; fileRef = CD5C3650295E9E2300ED2BA8 /* InsetMapView.swift */; };
		CD5C3653295EA3DF00ED2BA8 /* ExternalWeblinkView.swift in Sources */ = {isa = PBXBuildFile; fileRef = CD5C3652295EA3DF00ED2BA8 /* ExternalWeblinkView.swift */; };
		CD5C3655295EC11B00ED2BA8 /* VideoModel.swift in Sources */ = {isa = PBXBuildFile; fileRef = CD5C3654295EC11B00ED2BA8 /* VideoModel.swift */; };
		CD5C3657295EC18200ED2BA8 /* VideoListItemView.swift in Sources */ = {isa = PBXBuildFile; fileRef = CD5C3656295EC18200ED2BA8 /* VideoListItemView.swift */; };
		CD5C365A295ED49900ED2BA8 /* VideoPlayerHelper.swift in Sources */ = {isa = PBXBuildFile; fileRef = CD5C3659295ED49900ED2BA8 /* VideoPlayerHelper.swift */; };
		CD5C365C295ED57800ED2BA8 /* VideoPlayerView.swift in Sources */ = {isa = PBXBuildFile; fileRef = CD5C365B295ED57800ED2BA8 /* VideoPlayerView.swift */; };
		CD62DF90295C2A3E001188C8 /* CoverImageView.swift in Sources */ = {isa = PBXBuildFile; fileRef = CD62DF8F295C2A3E001188C8 /* CoverImageView.swift */; };
		CD62DF93295C2F13001188C8 /* CoverImageModel.swift in Sources */ = {isa = PBXBuildFile; fileRef = CD62DF92295C2F13001188C8 /* CoverImageModel.swift */; };
		CD62DF96295C2F73001188C8 /* CodableBundleExtention.swift in Sources */ = {isa = PBXBuildFile; fileRef = CD62DF95295C2F73001188C8 /* CodableBundleExtention.swift */; };
		CD83C4C8295D46D90057B3DB /* AnimalListItemView.swift in Sources */ = {isa = PBXBuildFile; fileRef = CD83C4C7295D46D90057B3DB /* AnimalListItemView.swift */; };
		CD83C4CA295D49E30057B3DB /* AnimalModel.swift in Sources */ = {isa = PBXBuildFile; fileRef = CD83C4C9295D49E30057B3DB /* AnimalModel.swift */; };
		CD83C4CC295D4FEA0057B3DB /* AnimalDetailView.swift in Sources */ = {isa = PBXBuildFile; fileRef = CD83C4CB295D4FEA0057B3DB /* AnimalDetailView.swift */; };
		CDD21829295BFDBA00B905D4 /* AfricaApp.swift in Sources */ = {isa = PBXBuildFile; fileRef = CDD21828295BFDBA00B905D4 /* AfricaApp.swift */; };
		CDD2182B295BFDBA00B905D4 /* ContentView.swift in Sources */ = {isa = PBXBuildFile; fileRef = CDD2182A295BFDBA00B905D4 /* ContentView.swift */; };
		CDD2182D295BFDBB00B905D4 /* Assets.xcassets in Resources */ = {isa = PBXBuildFile; fileRef = CDD2182C295BFDBB00B905D4 /* Assets.xcassets */; };
		CDD21830295BFDBB00B905D4 /* Preview Assets.xcassets in Resources */ = {isa = PBXBuildFile; fileRef = CDD2182F295BFDBB00B905D4 /* Preview Assets.xcassets */; };
		CDD2183D295C200700B905D4 /* VideoListView.swift in Sources */ = {isa = PBXBuildFile; fileRef = CDD2183C295C200700B905D4 /* VideoListView.swift */; };
		CDD2183F295C201900B905D4 /* MapView.swift in Sources */ = {isa = PBXBuildFile; fileRef = CDD2183E295C201900B905D4 /* MapView.swift */; };
		CDD21841295C203E00B905D4 /* GalleryView.swift in Sources */ = {isa = PBXBuildFile; fileRef = CDD21840295C203E00B905D4 /* GalleryView.swift */; };
		CDD21843295C205500B905D4 /* MainView.swift in Sources */ = {isa = PBXBuildFile; fileRef = CDD21842295C205500B905D4 /* MainView.swift */; };
		CDD21848295C276100B905D4 /* locations.json in Resources */ = {isa = PBXBuildFile; fileRef = CDD21844295C276000B905D4 /* locations.json */; };
		CDD21849295C276100B905D4 /* animals.json in Resources */ = {isa = PBXBuildFile; fileRef = CDD21845295C276100B905D4 /* animals.json */; };
		CDD2184A295C276100B905D4 /* covers.json in Resources */ = {isa = PBXBuildFile; fileRef = CDD21846295C276100B905D4 /* covers.json */; };
		CDD2184B295C276100B905D4 /* videos.json in Resources */ = {isa = PBXBuildFile; fileRef = CDD21847295C276100B905D4 /* videos.json */; };
		CDE35265295D88C4007637D8 /* HeadingView.swift in Sources */ = {isa = PBXBuildFile; fileRef = CDE35264295D88C4007637D8 /* HeadingView.swift */; };
		CDE35267295D88D2007637D8 /* InsetGalleryView.swift in Sources */ = {isa = PBXBuildFile; fileRef = CDE35266295D88D2007637D8 /* InsetGalleryView.swift */; };
/* End PBXBuildFile section */

/* Begin PBXFileReference section */
		CD2C7B0C295EDADA00A52305 /* cheetah.mp4 */ = {isa = PBXFileReference; lastKnownFileType = file; path = cheetah.mp4; sourceTree = "<group>"; };
		CD2C7B0D295EDADB00A52305 /* zebra.mp4 */ = {isa = PBXFileReference; lastKnownFileType = file; path = zebra.mp4; sourceTree = "<group>"; };
		CD2C7B0E295EDADB00A52305 /* ostrich.mp4 */ = {isa = PBXFileReference; lastKnownFileType = file; path = ostrich.mp4; sourceTree = "<group>"; };
		CD2C7B0F295EDADB00A52305 /* gorilla.mp4 */ = {isa = PBXFileReference; lastKnownFileType = file; path = gorilla.mp4; sourceTree = "<group>"; };
		CD2C7B10295EDADC00A52305 /* rhino.mp4 */ = {isa = PBXFileReference; lastKnownFileType = file; path = rhino.mp4; sourceTree = "<group>"; };
		CD2C7B11295EDADC00A52305 /* elephant.mp4 */ = {isa = PBXFileReference; lastKnownFileType = file; path = elephant.mp4; sourceTree = "<group>"; };
		CD2C7B12295EDADC00A52305 /* lion.mp4 */ = {isa = PBXFileReference; lastKnownFileType = file; path = lion.mp4; sourceTree = "<group>"; };
		CD2C7B13295EDADC00A52305 /* giraffe.mp4 */ = {isa = PBXFileReference; lastKnownFileType = file; path = giraffe.mp4; sourceTree = "<group>"; };
		CD2C7B14295EDADD00A52305 /* lioness.mp4 */ = {isa = PBXFileReference; lastKnownFileType = file; path = lioness.mp4; sourceTree = "<group>"; };
		CD2C7B15295EDADD00A52305 /* hippo.mp4 */ = {isa = PBXFileReference; lastKnownFileType = file; path = hippo.mp4; sourceTree = "<group>"; };
		CD587A35295D9564005792B9 /* InsetFactView.swift */ = {isa = PBXFileReference; lastKnownFileType = sourcecode.swift; path = InsetFactView.swift; sourceTree = "<group>"; };
		CD5C3650295E9E2300ED2BA8 /* InsetMapView.swift */ = {isa = PBXFileReference; lastKnownFileType = sourcecode.swift; path = InsetMapView.swift; sourceTree = "<group>"; };
		CD5C3652295EA3DF00ED2BA8 /* ExternalWeblinkView.swift */ = {isa = PBXFileReference; lastKnownFileType = sourcecode.swift; path = ExternalWeblinkView.swift; sourceTree = "<group>"; };
		CD5C3654295EC11B00ED2BA8 /* VideoModel.swift */ = {isa = PBXFileReference; lastKnownFileType = sourcecode.swift; path = VideoModel.swift; sourceTree = "<group>"; };
		CD5C3656295EC18200ED2BA8 /* VideoListItemView.swift */ = {isa = PBXFileReference; lastKnownFileType = sourcecode.swift; path = VideoListItemView.swift; sourceTree = "<group>"; };
		CD5C3659295ED49900ED2BA8 /* VideoPlayerHelper.swift */ = {isa = PBXFileReference; lastKnownFileType = sourcecode.swift; path = VideoPlayerHelper.swift; sourceTree = "<group>"; };
		CD5C365B295ED57800ED2BA8 /* VideoPlayerView.swift */ = {isa = PBXFileReference; lastKnownFileType = sourcecode.swift; path = VideoPlayerView.swift; sourceTree = "<group>"; };
		CD62DF8F295C2A3E001188C8 /* CoverImageView.swift */ = {isa = PBXFileReference; lastKnownFileType = sourcecode.swift; path = CoverImageView.swift; sourceTree = "<group>"; };
		CD62DF92295C2F13001188C8 /* CoverImageModel.swift */ = {isa = PBXFileReference; lastKnownFileType = sourcecode.swift; path = CoverImageModel.swift; sourceTree = "<group>"; };
		CD62DF95295C2F73001188C8 /* CodableBundleExtention.swift */ = {isa = PBXFileReference; lastKnownFileType = sourcecode.swift; path = CodableBundleExtention.swift; sourceTree = "<group>"; };
		CD83C4C7295D46D90057B3DB /* AnimalListItemView.swift */ = {isa = PBXFileReference; lastKnownFileType = sourcecode.swift; path = AnimalListItemView.swift; sourceTree = "<group>"; };
		CD83C4C9295D49E30057B3DB /* AnimalModel.swift */ = {isa = PBXFileReference; lastKnownFileType = sourcecode.swift; path = AnimalModel.swift; sourceTree = "<group>"; };
		CD83C4CB295D4FEA0057B3DB /* AnimalDetailView.swift */ = {isa = PBXFileReference; lastKnownFileType = sourcecode.swift; path = AnimalDetailView.swift; sourceTree = "<group>"; };
		CDD21825295BFDBA00B905D4 /* Africa.app */ = {isa = PBXFileReference; explicitFileType = wrapper.application; includeInIndex = 0; path = Africa.app; sourceTree = BUILT_PRODUCTS_DIR; };
		CDD21828295BFDBA00B905D4 /* AfricaApp.swift */ = {isa = PBXFileReference; lastKnownFileType = sourcecode.swift; path = AfricaApp.swift; sourceTree = "<group>"; };
		CDD2182A295BFDBA00B905D4 /* ContentView.swift */ = {isa = PBXFileReference; lastKnownFileType = sourcecode.swift; path = ContentView.swift; sourceTree = "<group>"; };
		CDD2182C295BFDBB00B905D4 /* Assets.xcassets */ = {isa = PBXFileReference; lastKnownFileType = folder.assetcatalog; path = Assets.xcassets; sourceTree = "<group>"; };
		CDD2182F295BFDBB00B905D4 /* Preview Assets.xcassets */ = {isa = PBXFileReference; lastKnownFileType = folder.assetcatalog; path = "Preview Assets.xcassets"; sourceTree = "<group>"; };
		CDD21838295C046A00B905D4 /* Info.plist */ = {isa = PBXFileReference; lastKnownFileType = text.plist; path = Info.plist; sourceTree = "<group>"; };
		CDD2183C295C200700B905D4 /* VideoListView.swift */ = {isa = PBXFileReference; lastKnownFileType = sourcecode.swift; path = VideoListView.swift; sourceTree = "<group>"; };
		CDD2183E295C201900B905D4 /* MapView.swift */ = {isa = PBXFileReference; lastKnownFileType = sourcecode.swift; path = MapView.swift; sourceTree = "<group>"; };
		CDD21840295C203E00B905D4 /* GalleryView.swift */ = {isa = PBXFileReference; lastKnownFileType = sourcecode.swift; path = GalleryView.swift; sourceTree = "<group>"; };
		CDD21842295C205500B905D4 /* MainView.swift */ = {isa = PBXFileReference; lastKnownFileType = sourcecode.swift; path = MainView.swift; sourceTree = "<group>"; };
		CDD21844295C276000B905D4 /* locations.json */ = {isa = PBXFileReference; fileEncoding = 4; lastKnownFileType = text.json; path = locations.json; sourceTree = "<group>"; };
		CDD21845295C276100B905D4 /* animals.json */ = {isa = PBXFileReference; fileEncoding = 4; lastKnownFileType = text.json; path = animals.json; sourceTree = "<group>"; };
		CDD21846295C276100B905D4 /* covers.json */ = {isa = PBXFileReference; fileEncoding = 4; lastKnownFileType = text.json; path = covers.json; sourceTree = "<group>"; };
		CDD21847295C276100B905D4 /* videos.json */ = {isa = PBXFileReference; fileEncoding = 4; lastKnownFileType = text.json; path = videos.json; sourceTree = "<group>"; };
		CDE35264295D88C4007637D8 /* HeadingView.swift */ = {isa = PBXFileReference; lastKnownFileType = sourcecode.swift; path = HeadingView.swift; sourceTree = "<group>"; };
		CDE35266295D88D2007637D8 /* InsetGalleryView.swift */ = {isa = PBXFileReference; lastKnownFileType = sourcecode.swift; path = InsetGalleryView.swift; sourceTree = "<group>"; };
/* End PBXFileReference section */

/* Begin PBXFrameworksBuildPhase section */
		CDD21822295BFDBA00B905D4 /* Frameworks */ = {
			isa = PBXFrameworksBuildPhase;
			buildActionMask = 2147483647;
			files = (
			);
			runOnlyForDeploymentPostprocessing = 0;
		};
/* End PBXFrameworksBuildPhase section */

/* Begin PBXGroup section */
		CD2C7B0B295EDAB400A52305 /* Video */ = {
			isa = PBXGroup;
			children = (
				CD2C7B0C295EDADA00A52305 /* cheetah.mp4 */,
				CD2C7B11295EDADC00A52305 /* elephant.mp4 */,
				CD2C7B13295EDADC00A52305 /* giraffe.mp4 */,
				CD2C7B0F295EDADB00A52305 /* gorilla.mp4 */,
				CD2C7B15295EDADD00A52305 /* hippo.mp4 */,
				CD2C7B12295EDADC00A52305 /* lion.mp4 */,
				CD2C7B14295EDADD00A52305 /* lioness.mp4 */,
				CD2C7B0E295EDADB00A52305 /* ostrich.mp4 */,
				CD2C7B10295EDADC00A52305 /* rhino.mp4 */,
				CD2C7B0D295EDADB00A52305 /* zebra.mp4 */,
			);
			path = Video;
			sourceTree = "<group>";
		};
		CD5C3658295ED48A00ED2BA8 /* Helper */ = {
			isa = PBXGroup;
			children = (
				CD5C3659295ED49900ED2BA8 /* VideoPlayerHelper.swift */,
			);
			path = Helper;
			sourceTree = "<group>";
		};
		CD62DF91295C2F01001188C8 /* Model */ = {
			isa = PBXGroup;
			children = (
				CD62DF92295C2F13001188C8 /* CoverImageModel.swift */,
				CD83C4C9295D49E30057B3DB /* AnimalModel.swift */,
				CD5C3654295EC11B00ED2BA8 /* VideoModel.swift */,
			);
			path = Model;
			sourceTree = "<group>";
		};
		CD62DF94295C2F59001188C8 /* Extention */ = {
			isa = PBXGroup;
			children = (
				CD62DF95295C2F73001188C8 /* CodableBundleExtention.swift */,
			);
			path = Extention;
			sourceTree = "<group>";
		};
		CDD2181C295BFDB900B905D4 = {
			isa = PBXGroup;
			children = (
				CDD21827295BFDBA00B905D4 /* Africa */,
				CDD21826295BFDBA00B905D4 /* Products */,
			);
			sourceTree = "<group>";
		};
		CDD21826295BFDBA00B905D4 /* Products */ = {
			isa = PBXGroup;
			children = (
				CDD21825295BFDBA00B905D4 /* Africa.app */,
			);
			name = Products;
			sourceTree = "<group>";
		};
		CDD21827295BFDBA00B905D4 /* Africa */ = {
			isa = PBXGroup;
			children = (
				CD2C7B0B295EDAB400A52305 /* Video */,
				CD5C3658295ED48A00ED2BA8 /* Helper */,
				CD62DF94295C2F59001188C8 /* Extention */,
				CDD21839295C1F5600B905D4 /* Data */,
				CD62DF91295C2F01001188C8 /* Model */,
				CDD2183A295C1F5B00B905D4 /* View */,
				CDD2183B295C1F6C00B905D4 /* Screens */,
				CDD21838295C046A00B905D4 /* Info.plist */,
				CDD2182C295BFDBB00B905D4 /* Assets.xcassets */,
				CDD2182E295BFDBB00B905D4 /* Preview Content */,
			);
			path = Africa;
			sourceTree = "<group>";
		};
		CDD2182E295BFDBB00B905D4 /* Preview Content */ = {
			isa = PBXGroup;
			children = (
				CDD2182F295BFDBB00B905D4 /* Preview Assets.xcassets */,
			);
			path = "Preview Content";
			sourceTree = "<group>";
		};
		CDD21839295C1F5600B905D4 /* Data */ = {
			isa = PBXGroup;
			children = (
				CDD21845295C276100B905D4 /* animals.json */,
				CDD21846295C276100B905D4 /* covers.json */,
				CDD21844295C276000B905D4 /* locations.json */,
				CDD21847295C276100B905D4 /* videos.json */,
			);
			path = Data;
			sourceTree = "<group>";
		};
		CDD2183A295C1F5B00B905D4 /* View */ = {
			isa = PBXGroup;
			children = (
				CD62DF8F295C2A3E001188C8 /* CoverImageView.swift */,
				CD83C4C7295D46D90057B3DB /* AnimalListItemView.swift */,
				CD83C4CB295D4FEA0057B3DB /* AnimalDetailView.swift */,
				CDE35264295D88C4007637D8 /* HeadingView.swift */,
				CDE35266295D88D2007637D8 /* InsetGalleryView.swift */,
				CD587A35295D9564005792B9 /* InsetFactView.swift */,
				CD5C3650295E9E2300ED2BA8 /* InsetMapView.swift */,
				CD5C3652295EA3DF00ED2BA8 /* ExternalWeblinkView.swift */,
				CD5C3656295EC18200ED2BA8 /* VideoListItemView.swift */,
				CD5C365B295ED57800ED2BA8 /* VideoPlayerView.swift */,
			);
			path = View;
			sourceTree = "<group>";
		};
		CDD2183B295C1F6C00B905D4 /* Screens */ = {
			isa = PBXGroup;
			children = (
				CDD21828295BFDBA00B905D4 /* AfricaApp.swift */,
				CDD2182A295BFDBA00B905D4 /* ContentView.swift */,
				CDD2183C295C200700B905D4 /* VideoListView.swift */,
				CDD2183E295C201900B905D4 /* MapView.swift */,
				CDD21840295C203E00B905D4 /* GalleryView.swift */,
				CDD21842295C205500B905D4 /* MainView.swift */,
			);
			path = Screens;
			sourceTree = "<group>";
		};
/* End PBXGroup section */

/* Begin PBXNativeTarget section */
		CDD21824295BFDBA00B905D4 /* Africa */ = {
			isa = PBXNativeTarget;
			buildConfigurationList = CDD21833295BFDBB00B905D4 /* Build configuration list for PBXNativeTarget "Africa" */;
			buildPhases = (
				CDD21821295BFDBA00B905D4 /* Sources */,
				CDD21822295BFDBA00B905D4 /* Frameworks */,
				CDD21823295BFDBA00B905D4 /* Resources */,
			);
			buildRules = (
			);
			dependencies = (
			);
			name = Africa;
			productName = Africa;
			productReference = CDD21825295BFDBA00B905D4 /* Africa.app */;
			productType = "com.apple.product-type.application";
		};
/* End PBXNativeTarget section */

/* Begin PBXProject section */
		CDD2181D295BFDB900B905D4 /* Project object */ = {
			isa = PBXProject;
			attributes = {
				BuildIndependentTargetsInParallel = 1;
				LastSwiftUpdateCheck = 1420;
				LastUpgradeCheck = 1420;
				TargetAttributes = {
					CDD21824295BFDBA00B905D4 = {
						CreatedOnToolsVersion = 14.2;
					};
				};
			};
			buildConfigurationList = CDD21820295BFDB900B905D4 /* Build configuration list for PBXProject "Africa" */;
			compatibilityVersion = "Xcode 14.0";
			developmentRegion = en;
			hasScannedForEncodings = 0;
			knownRegions = (
				en,
				Base,
			);
			mainGroup = CDD2181C295BFDB900B905D4;
			productRefGroup = CDD21826295BFDBA00B905D4 /* Products */;
			projectDirPath = "";
			projectRoot = "";
			targets = (
				CDD21824295BFDBA00B905D4 /* Africa */,
			);
		};
/* End PBXProject section */

/* Begin PBXResourcesBuildPhase section */
		CDD21823295BFDBA00B905D4 /* Resources */ = {
			isa = PBXResourcesBuildPhase;
			buildActionMask = 2147483647;
			files = (
				CD2C7B1C295EDADD00A52305 /* lion.mp4 in Resources */,
				CDD21849295C276100B905D4 /* animals.json in Resources */,
				CD2C7B1E295EDADD00A52305 /* lioness.mp4 in Resources */,
				CDD2184A295C276100B905D4 /* covers.json in Resources */,
				CD2C7B19295EDADD00A52305 /* gorilla.mp4 in Resources */,
				CDD2184B295C276100B905D4 /* videos.json in Resources */,
				CD2C7B18295EDADD00A52305 /* ostrich.mp4 in Resources */,
				CDD21830295BFDBB00B905D4 /* Preview Assets.xcassets in Resources */,
				CD2C7B1F295EDADD00A52305 /* hippo.mp4 in Resources */,
				CD2C7B17295EDADD00A52305 /* zebra.mp4 in Resources */,
				CDD21848295C276100B905D4 /* locations.json in Resources */,
				CD2C7B1B295EDADD00A52305 /* elephant.mp4 in Resources */,
				CDD2182D295BFDBB00B905D4 /* Assets.xcassets in Resources */,
				CD2C7B1A295EDADD00A52305 /* rhino.mp4 in Resources */,
				CD2C7B1D295EDADD00A52305 /* giraffe.mp4 in Resources */,
				CD2C7B16295EDADD00A52305 /* cheetah.mp4 in Resources */,
			);
			runOnlyForDeploymentPostprocessing = 0;
		};
/* End PBXResourcesBuildPhase section */

/* Begin PBXSourcesBuildPhase section */
		CDD21821295BFDBA00B905D4 /* Sources */ = {
			isa = PBXSourcesBuildPhase;
			buildActionMask = 2147483647;
			files = (
				CD5C3657295EC18200ED2BA8 /* VideoListItemView.swift in Sources */,
				CD5C3653295EA3DF00ED2BA8 /* ExternalWeblinkView.swift in Sources */,
				CDD2182B295BFDBA00B905D4 /* ContentView.swift in Sources */,
				CD83C4C8295D46D90057B3DB /* AnimalListItemView.swift in Sources */,
				CDD21843295C205500B905D4 /* MainView.swift in Sources */,
				CD587A36295D9564005792B9 /* InsetFactView.swift in Sources */,
				CD62DF90295C2A3E001188C8 /* CoverImageView.swift in Sources */,
				CD62DF93295C2F13001188C8 /* CoverImageModel.swift in Sources */,
				CD83C4CC295D4FEA0057B3DB /* AnimalDetailView.swift in Sources */,
				CD83C4CA295D49E30057B3DB /* AnimalModel.swift in Sources */,
				CD5C365A295ED49900ED2BA8 /* VideoPlayerHelper.swift in Sources */,
				CDD2183F295C201900B905D4 /* MapView.swift in Sources */,
				CD5C3651295E9E2300ED2BA8 /* InsetMapView.swift in Sources */,
				CD62DF96295C2F73001188C8 /* CodableBundleExtention.swift in Sources */,
				CDD21829295BFDBA00B905D4 /* AfricaApp.swift in Sources */,
				CD5C3655295EC11B00ED2BA8 /* VideoModel.swift in Sources */,
				CDD2183D295C200700B905D4 /* VideoListView.swift in Sources */,
				CDE35267295D88D2007637D8 /* InsetGalleryView.swift in Sources */,
				CDD21841295C203E00B905D4 /* GalleryView.swift in Sources */,
				CDE35265295D88C4007637D8 /* HeadingView.swift in Sources */,
				CD5C365C295ED57800ED2BA8 /* VideoPlayerView.swift in Sources */,
			);
			runOnlyForDeploymentPostprocessing = 0;
		};
/* End PBXSourcesBuildPhase section */

/* Begin XCBuildConfiguration section */
		CDD21831295BFDBB00B905D4 /* Debug */ = {
			isa = XCBuildConfiguration;
			buildSettings = {
				ALWAYS_SEARCH_USER_PATHS = NO;
				CLANG_ANALYZER_NONNULL = YES;
				CLANG_ANALYZER_NUMBER_OBJECT_CONVERSION = YES_AGGRESSIVE;
				CLANG_CXX_LANGUAGE_STANDARD = "gnu++20";
				CLANG_ENABLE_MODULES = YES;
				CLANG_ENABLE_OBJC_ARC = YES;
				CLANG_ENABLE_OBJC_WEAK = YES;
				CLANG_WARN_BLOCK_CAPTURE_AUTORELEASING = YES;
				CLANG_WARN_BOOL_CONVERSION = YES;
				CLANG_WARN_COMMA = YES;
				CLANG_WARN_CONSTANT_CONVERSION = YES;
				CLANG_WARN_DEPRECATED_OBJC_IMPLEMENTATIONS = YES;
				CLANG_WARN_DIRECT_OBJC_ISA_USAGE = YES_ERROR;
				CLANG_WARN_DOCUMENTATION_COMMENTS = YES;
				CLANG_WARN_EMPTY_BODY = YES;
				CLANG_WARN_ENUM_CONVERSION = YES;
				CLANG_WARN_INFINITE_RECURSION = YES;
				CLANG_WARN_INT_CONVERSION = YES;
				CLANG_WARN_NON_LITERAL_NULL_CONVERSION = YES;
				CLANG_WARN_OBJC_IMPLICIT_RETAIN_SELF = YES;
				CLANG_WARN_OBJC_LITERAL_CONVERSION = YES;
				CLANG_WARN_OBJC_ROOT_CLASS = YES_ERROR;
				CLANG_WARN_QUOTED_INCLUDE_IN_FRAMEWORK_HEADER = YES;
				CLANG_WARN_RANGE_LOOP_ANALYSIS = YES;
				CLANG_WARN_STRICT_PROTOTYPES = YES;
				CLANG_WARN_SUSPICIOUS_MOVE = YES;
				CLANG_WARN_UNGUARDED_AVAILABILITY = YES_AGGRESSIVE;
				CLANG_WARN_UNREACHABLE_CODE = YES;
				CLANG_WARN__DUPLICATE_METHOD_MATCH = YES;
				COPY_PHASE_STRIP = NO;
				DEBUG_INFORMATION_FORMAT = dwarf;
				ENABLE_STRICT_OBJC_MSGSEND = YES;
				ENABLE_TESTABILITY = YES;
				GCC_C_LANGUAGE_STANDARD = gnu11;
				GCC_DYNAMIC_NO_PIC = NO;
				GCC_NO_COMMON_BLOCKS = YES;
				GCC_OPTIMIZATION_LEVEL = 0;
				GCC_PREPROCESSOR_DEFINITIONS = (
					"DEBUG=1",
					"$(inherited)",
				);
				GCC_WARN_64_TO_32_BIT_CONVERSION = YES;
				GCC_WARN_ABOUT_RETURN_TYPE = YES_ERROR;
				GCC_WARN_UNDECLARED_SELECTOR = YES;
				GCC_WARN_UNINITIALIZED_AUTOS = YES_AGGRESSIVE;
				GCC_WARN_UNUSED_FUNCTION = YES;
				GCC_WARN_UNUSED_VARIABLE = YES;
				IPHONEOS_DEPLOYMENT_TARGET = 16.2;
				MTL_ENABLE_DEBUG_INFO = INCLUDE_SOURCE;
				MTL_FAST_MATH = YES;
				ONLY_ACTIVE_ARCH = YES;
				SDKROOT = iphoneos;
				SWIFT_ACTIVE_COMPILATION_CONDITIONS = DEBUG;
				SWIFT_OPTIMIZATION_LEVEL = "-Onone";
			};
			name = Debug;
		};
		CDD21832295BFDBB00B905D4 /* Release */ = {
			isa = XCBuildConfiguration;
			buildSettings = {
				ALWAYS_SEARCH_USER_PATHS = NO;
				CLANG_ANALYZER_NONNULL = YES;
				CLANG_ANALYZER_NUMBER_OBJECT_CONVERSION = YES_AGGRESSIVE;
				CLANG_CXX_LANGUAGE_STANDARD = "gnu++20";
				CLANG_ENABLE_MODULES = YES;
				CLANG_ENABLE_OBJC_ARC = YES;
				CLANG_ENABLE_OBJC_WEAK = YES;
				CLANG_WARN_BLOCK_CAPTURE_AUTORELEASING = YES;
				CLANG_WARN_BOOL_CONVERSION = YES;
				CLANG_WARN_COMMA = YES;
				CLANG_WARN_CONSTANT_CONVERSION = YES;
				CLANG_WARN_DEPRECATED_OBJC_IMPLEMENTATIONS = YES;
				CLANG_WARN_DIRECT_OBJC_ISA_USAGE = YES_ERROR;
				CLANG_WARN_DOCUMENTATION_COMMENTS = YES;
				CLANG_WARN_EMPTY_BODY = YES;
				CLANG_WARN_ENUM_CONVERSION = YES;
				CLANG_WARN_INFINITE_RECURSION = YES;
				CLANG_WARN_INT_CONVERSION = YES;
				CLANG_WARN_NON_LITERAL_NULL_CONVERSION = YES;
				CLANG_WARN_OBJC_IMPLICIT_RETAIN_SELF = YES;
				CLANG_WARN_OBJC_LITERAL_CONVERSION = YES;
				CLANG_WARN_OBJC_ROOT_CLASS = YES_ERROR;
				CLANG_WARN_QUOTED_INCLUDE_IN_FRAMEWORK_HEADER = YES;
				CLANG_WARN_RANGE_LOOP_ANALYSIS = YES;
				CLANG_WARN_STRICT_PROTOTYPES = YES;
				CLANG_WARN_SUSPICIOUS_MOVE = YES;
				CLANG_WARN_UNGUARDED_AVAILABILITY = YES_AGGRESSIVE;
				CLANG_WARN_UNREACHABLE_CODE = YES;
				CLANG_WARN__DUPLICATE_METHOD_MATCH = YES;
				COPY_PHASE_STRIP = NO;
				DEBUG_INFORMATION_FORMAT = "dwarf-with-dsym";
				ENABLE_NS_ASSERTIONS = NO;
				ENABLE_STRICT_OBJC_MSGSEND = YES;
				GCC_C_LANGUAGE_STANDARD = gnu11;
				GCC_NO_COMMON_BLOCKS = YES;
				GCC_WARN_64_TO_32_BIT_CONVERSION = YES;
				GCC_WARN_ABOUT_RETURN_TYPE = YES_ERROR;
				GCC_WARN_UNDECLARED_SELECTOR = YES;
				GCC_WARN_UNINITIALIZED_AUTOS = YES_AGGRESSIVE;
				GCC_WARN_UNUSED_FUNCTION = YES;
				GCC_WARN_UNUSED_VARIABLE = YES;
				IPHONEOS_DEPLOYMENT_TARGET = 16.2;
				MTL_ENABLE_DEBUG_INFO = NO;
				MTL_FAST_MATH = YES;
				SDKROOT = iphoneos;
				SWIFT_COMPILATION_MODE = wholemodule;
				SWIFT_OPTIMIZATION_LEVEL = "-O";
				VALIDATE_PRODUCT = YES;
			};
			name = Release;
		};
		CDD21834295BFDBB00B905D4 /* Debug */ = {
			isa = XCBuildConfiguration;
			buildSettings = {
				ASSETCATALOG_COMPILER_APPICON_NAME = AppIcon;
				ASSETCATALOG_COMPILER_GLOBAL_ACCENT_COLOR_NAME = AccentColor;
				CODE_SIGN_STYLE = Automatic;
				CURRENT_PROJECT_VERSION = 1;
				DEVELOPMENT_ASSET_PATHS = "\"Africa/Preview Content\"";
				ENABLE_PREVIEWS = YES;
				GENERATE_INFOPLIST_FILE = YES;
				INFOPLIST_FILE = Africa/Info.plist;
				INFOPLIST_KEY_UIApplicationSceneManifest_Generation = YES;
				INFOPLIST_KEY_UIApplicationSupportsIndirectInputEvents = YES;
				INFOPLIST_KEY_UISupportedInterfaceOrientations_iPad = "UIInterfaceOrientationPortrait UIInterfaceOrientationPortraitUpsideDown UIInterfaceOrientationLandscapeLeft UIInterfaceOrientationLandscapeRight";
				INFOPLIST_KEY_UISupportedInterfaceOrientations_iPhone = "UIInterfaceOrientationPortrait UIInterfaceOrientationLandscapeLeft UIInterfaceOrientationLandscapeRight";
				INFOPLIST_KEY_UIUserInterfaceStyle = Dark;
				LD_RUNPATH_SEARCH_PATHS = (
					"$(inherited)",
					"@executable_path/Frameworks",
				);
				MARKETING_VERSION = 1.0;
				PRODUCT_BUNDLE_IDENTIFIER = thong.doan.Africa;
				PRODUCT_NAME = "$(TARGET_NAME)";
				SWIFT_EMIT_LOC_STRINGS = YES;
				SWIFT_VERSION = 5.0;
				TARGETED_DEVICE_FAMILY = "1,2";
			};
			name = Debug;
		};
		CDD21835295BFDBB00B905D4 /* Release */ = {
			isa = XCBuildConfiguration;
			buildSettings = {
				ASSETCATALOG_COMPILER_APPICON_NAME = AppIcon;
				ASSETCATALOG_COMPILER_GLOBAL_ACCENT_COLOR_NAME = AccentColor;
				CODE_SIGN_STYLE = Automatic;
				CURRENT_PROJECT_VERSION = 1;
				DEVELOPMENT_ASSET_PATHS = "\"Africa/Preview Content\"";
				ENABLE_PREVIEWS = YES;
				GENERATE_INFOPLIST_FILE = YES;
				INFOPLIST_FILE = Africa/Info.plist;
				INFOPLIST_KEY_UIApplicationSceneManifest_Generation = YES;
				INFOPLIST_KEY_UIApplicationSupportsIndirectInputEvents = YES;
				INFOPLIST_KEY_UISupportedInterfaceOrientations_iPad = "UIInterfaceOrientationPortrait UIInterfaceOrientationPortraitUpsideDown UIInterfaceOrientationLandscapeLeft UIInterfaceOrientationLandscapeRight";
				INFOPLIST_KEY_UISupportedInterfaceOrientations_iPhone = "UIInterfaceOrientationPortrait UIInterfaceOrientationLandscapeLeft UIInterfaceOrientationLandscapeRight";
				INFOPLIST_KEY_UIUserInterfaceStyle = Dark;
				LD_RUNPATH_SEARCH_PATHS = (
					"$(inherited)",
					"@executable_path/Frameworks",
				);
				MARKETING_VERSION = 1.0;
				PRODUCT_BUNDLE_IDENTIFIER = thong.doan.Africa;
				PRODUCT_NAME = "$(TARGET_NAME)";
				SWIFT_EMIT_LOC_STRINGS = YES;
				SWIFT_VERSION = 5.0;
				TARGETED_DEVICE_FAMILY = "1,2";
			};
			name = Release;
		};
/* End XCBuildConfiguration section */

/* Begin XCConfigurationList section */
		CDD21820295BFDB900B905D4 /* Build configuration list for PBXProject "Africa" */ = {
			isa = XCConfigurationList;
			buildConfigurations = (
				CDD21831295BFDBB00B905D4 /* Debug */,
				CDD21832295BFDBB00B905D4 /* Release */,
			);
			defaultConfigurationIsVisible = 0;
			defaultConfigurationName = Release;
		};
		CDD21833295BFDBB00B905D4 /* Build configuration list for PBXNativeTarget "Africa" */ = {
			isa = XCConfigurationList;
			buildConfigurations = (
				CDD21834295BFDBB00B905D4 /* Debug */,
				CDD21835295BFDBB00B905D4 /* Release */,
			);
			defaultConfigurationIsVisible = 0;
			defaultConfigurationName = Release;
		};
/* End XCConfigurationList section */
	};
	rootObject = CDD2181D295BFDB900B905D4 /* Project object */;
}
