// !$*UTF8*$!
{
	archiveVersion = 1;
	classes = {
	};
	objectVersion = 56;
	objects = {

/* Begin PBXBuildFile section */
		CD2B247F2966D60F0053489C /* HideKeyboardExtention.swift in Sources */ = {isa = PBXBuildFile; fileRef = CD2B247E2966D60F0053489C /* HideKeyboardExtention.swift */; };
		CD65412C296564CD00529E9E /* DevoteApp.swift in Sources */ = {isa = PBXBuildFile; fileRef = CD65412B296564CD00529E9E /* DevoteApp.swift */; };
		CD65412E296564CD00529E9E /* ContentView.swift in Sources */ = {isa = PBXBuildFile; fileRef = CD65412D296564CD00529E9E /* ContentView.swift */; };
		CD654130296564CE00529E9E /* Assets.xcassets in Resources */ = {isa = PBXBuildFile; fileRef = CD65412F296564CE00529E9E /* Assets.xcassets */; };
		CD654133296564CF00529E9E /* Preview Assets.xcassets in Resources */ = {isa = PBXBuildFile; fileRef = CD654132296564CF00529E9E /* Preview Assets.xcassets */; };
		CD654135296564CF00529E9E /* Persistence.swift in Sources */ = {isa = PBXBuildFile; fileRef = CD654134296564CF00529E9E /* Persistence.swift */; };
		CD654138296564CF00529E9E /* Devote.xcdatamodeld in Sources */ = {isa = PBXBuildFile; fileRef = CD654136296564CF00529E9E /* Devote.xcdatamodeld */; };
		CD6541422965664100529E9E /* sound-rise.mp3 in Resources */ = {isa = PBXBuildFile; fileRef = CD65413F2965664100529E9E /* sound-rise.mp3 */; };
		CD6541432965664100529E9E /* sound-ding.mp3 in Resources */ = {isa = PBXBuildFile; fileRef = CD6541402965664100529E9E /* sound-ding.mp3 */; };
		CD6541442965664100529E9E /* sound-tap.mp3 in Resources */ = {isa = PBXBuildFile; fileRef = CD6541412965664100529E9E /* sound-tap.mp3 */; };
		CD7366922966F89A00D1DB03 /* Contants.swift in Sources */ = {isa = PBXBuildFile; fileRef = CD7366912966F89A00D1DB03 /* Contants.swift */; };
		CDAE5D14296833CA00F2043C /* BackgroundImageView.swift in Sources */ = {isa = PBXBuildFile; fileRef = CDAE5D13296833CA00F2043C /* BackgroundImageView.swift */; };
/* End PBXBuildFile section */

/* Begin PBXFileReference section */
		CD2B247E2966D60F0053489C /* HideKeyboardExtention.swift */ = {isa = PBXFileReference; lastKnownFileType = sourcecode.swift; path = HideKeyboardExtention.swift; sourceTree = "<group>"; };
		CD654128296564CD00529E9E /* Devote.app */ = {isa = PBXFileReference; explicitFileType = wrapper.application; includeInIndex = 0; path = Devote.app; sourceTree = BUILT_PRODUCTS_DIR; };
		CD65412B296564CD00529E9E /* DevoteApp.swift */ = {isa = PBXFileReference; lastKnownFileType = sourcecode.swift; path = DevoteApp.swift; sourceTree = "<group>"; };
		CD65412D296564CD00529E9E /* ContentView.swift */ = {isa = PBXFileReference; lastKnownFileType = sourcecode.swift; path = ContentView.swift; sourceTree = "<group>"; };
		CD65412F296564CE00529E9E /* Assets.xcassets */ = {isa = PBXFileReference; lastKnownFileType = folder.assetcatalog; path = Assets.xcassets; sourceTree = "<group>"; };
		CD654132296564CF00529E9E /* Preview Assets.xcassets */ = {isa = PBXFileReference; lastKnownFileType = folder.assetcatalog; path = "Preview Assets.xcassets"; sourceTree = "<group>"; };
		CD654134296564CF00529E9E /* Persistence.swift */ = {isa = PBXFileReference; lastKnownFileType = sourcecode.swift; path = Persistence.swift; sourceTree = "<group>"; };
		CD654137296564CF00529E9E /* Devote.xcdatamodel */ = {isa = PBXFileReference; lastKnownFileType = wrapper.xcdatamodel; path = Devote.xcdatamodel; sourceTree = "<group>"; };
		CD65413F2965664100529E9E /* sound-rise.mp3 */ = {isa = PBXFileReference; lastKnownFileType = audio.mp3; path = "sound-rise.mp3"; sourceTree = "<group>"; };
		CD6541402965664100529E9E /* sound-ding.mp3 */ = {isa = PBXFileReference; lastKnownFileType = audio.mp3; path = "sound-ding.mp3"; sourceTree = "<group>"; };
		CD6541412965664100529E9E /* sound-tap.mp3 */ = {isa = PBXFileReference; lastKnownFileType = audio.mp3; path = "sound-tap.mp3"; sourceTree = "<group>"; };
		CD65414C2965681200529E9E /* Info.plist */ = {isa = PBXFileReference; lastKnownFileType = text.plist; path = Info.plist; sourceTree = "<group>"; };
		CD7366912966F89A00D1DB03 /* Contants.swift */ = {isa = PBXFileReference; lastKnownFileType = sourcecode.swift; path = Contants.swift; sourceTree = "<group>"; };
		CDAE5D13296833CA00F2043C /* BackgroundImageView.swift */ = {isa = PBXFileReference; lastKnownFileType = sourcecode.swift; path = BackgroundImageView.swift; sourceTree = "<group>"; };
/* End PBXFileReference section */

/* Begin PBXFrameworksBuildPhase section */
		CD654125296564CD00529E9E /* Frameworks */ = {
			isa = PBXFrameworksBuildPhase;
			buildActionMask = 2147483647;
			files = (
			);
			runOnlyForDeploymentPostprocessing = 0;
		};
/* End PBXFrameworksBuildPhase section */

/* Begin PBXGroup section */
		CD65411F296564CD00529E9E = {
			isa = PBXGroup;
			children = (
				CD65412A296564CD00529E9E /* Devote */,
				CD654129296564CD00529E9E /* Products */,
			);
			sourceTree = "<group>";
		};
		CD654129296564CD00529E9E /* Products */ = {
			isa = PBXGroup;
			children = (
				CD654128296564CD00529E9E /* Devote.app */,
			);
			name = Products;
			sourceTree = "<group>";
		};
		CD65412A296564CD00529E9E /* Devote */ = {
			isa = PBXGroup;
			children = (
				CD65414C2965681200529E9E /* Info.plist */,
				CD6541492965665E00529E9E /* Utility */,
				CD6541482965665700529E9E /* Extension */,
				CD6541472965665200529E9E /* Data */,
				CD6541462965664C00529E9E /* Model */,
				CD6541452965664500529E9E /* View */,
				CD65413E2965663100529E9E /* Sound */,
				CD65412B296564CD00529E9E /* DevoteApp.swift */,
				CD65414B2965667400529E9E /* App */,
				CD65412F296564CE00529E9E /* Assets.xcassets */,
				CD654131296564CF00529E9E /* Preview Content */,
			);
			path = Devote;
			sourceTree = "<group>";
		};
		CD654131296564CF00529E9E /* Preview Content */ = {
			isa = PBXGroup;
			children = (
				CD654132296564CF00529E9E /* Preview Assets.xcassets */,
			);
			path = "Preview Content";
			sourceTree = "<group>";
		};
		CD65413E2965663100529E9E /* Sound */ = {
			isa = PBXGroup;
			children = (
				CD6541402965664100529E9E /* sound-ding.mp3 */,
				CD65413F2965664100529E9E /* sound-rise.mp3 */,
				CD6541412965664100529E9E /* sound-tap.mp3 */,
			);
			path = Sound;
			sourceTree = "<group>";
		};
		CD6541452965664500529E9E /* View */ = {
			isa = PBXGroup;
			children = (
				CDAE5D13296833CA00F2043C /* BackgroundImageView.swift */,
			);
			path = View;
			sourceTree = "<group>";
		};
		CD6541462965664C00529E9E /* Model */ = {
			isa = PBXGroup;
			children = (
				CD654134296564CF00529E9E /* Persistence.swift */,
				CD654136296564CF00529E9E /* Devote.xcdatamodeld */,
			);
			path = Model;
			sourceTree = "<group>";
		};
		CD6541472965665200529E9E /* Data */ = {
			isa = PBXGroup;
			children = (
			);
			path = Data;
			sourceTree = "<group>";
		};
		CD6541482965665700529E9E /* Extension */ = {
			isa = PBXGroup;
			children = (
				CD2B247E2966D60F0053489C /* HideKeyboardExtention.swift */,
			);
			path = Extension;
			sourceTree = "<group>";
		};
		CD6541492965665E00529E9E /* Utility */ = {
			isa = PBXGroup;
			children = (
				CD7366912966F89A00D1DB03 /* Contants.swift */,
			);
			path = Utility;
			sourceTree = "<group>";
		};
		CD65414B2965667400529E9E /* App */ = {
			isa = PBXGroup;
			children = (
				CD65412D296564CD00529E9E /* ContentView.swift */,
			);
			path = App;
			sourceTree = "<group>";
		};
/* End PBXGroup section */

/* Begin PBXNativeTarget section */
		CD654127296564CD00529E9E /* Devote */ = {
			isa = PBXNativeTarget;
			buildConfigurationList = CD65413B296564CF00529E9E /* Build configuration list for PBXNativeTarget "Devote" */;
			buildPhases = (
				CD654124296564CD00529E9E /* Sources */,
				CD654125296564CD00529E9E /* Frameworks */,
				CD654126296564CD00529E9E /* Resources */,
			);
			buildRules = (
			);
			dependencies = (
			);
			name = Devote;
			productName = Devote;
			productReference = CD654128296564CD00529E9E /* Devote.app */;
			productType = "com.apple.product-type.application";
		};
/* End PBXNativeTarget section */

/* Begin PBXProject section */
		CD654120296564CD00529E9E /* Project object */ = {
			isa = PBXProject;
			attributes = {
				BuildIndependentTargetsInParallel = 1;
				LastSwiftUpdateCheck = 1420;
				LastUpgradeCheck = 1420;
				TargetAttributes = {
					CD654127296564CD00529E9E = {
						CreatedOnToolsVersion = 14.2;
					};
				};
			};
			buildConfigurationList = CD654123296564CD00529E9E /* Build configuration list for PBXProject "Devote" */;
			compatibilityVersion = "Xcode 14.0";
			developmentRegion = en;
			hasScannedForEncodings = 0;
			knownRegions = (
				en,
				Base,
			);
			mainGroup = CD65411F296564CD00529E9E;
			productRefGroup = CD654129296564CD00529E9E /* Products */;
			projectDirPath = "";
			projectRoot = "";
			targets = (
				CD654127296564CD00529E9E /* Devote */,
			);
		};
/* End PBXProject section */

/* Begin PBXResourcesBuildPhase section */
		CD654126296564CD00529E9E /* Resources */ = {
			isa = PBXResourcesBuildPhase;
			buildActionMask = 2147483647;
			files = (
				CD6541432965664100529E9E /* sound-ding.mp3 in Resources */,
				CD6541422965664100529E9E /* sound-rise.mp3 in Resources */,
				CD654133296564CF00529E9E /* Preview Assets.xcassets in Resources */,
				CD6541442965664100529E9E /* sound-tap.mp3 in Resources */,
				CD654130296564CE00529E9E /* Assets.xcassets in Resources */,
			);
			runOnlyForDeploymentPostprocessing = 0;
		};
/* End PBXResourcesBuildPhase section */

/* Begin PBXSourcesBuildPhase section */
		CD654124296564CD00529E9E /* Sources */ = {
			isa = PBXSourcesBuildPhase;
			buildActionMask = 2147483647;
			files = (
				CD654135296564CF00529E9E /* Persistence.swift in Sources */,
				CDAE5D14296833CA00F2043C /* BackgroundImageView.swift in Sources */,
				CD65412E296564CD00529E9E /* ContentView.swift in Sources */,
				CD654138296564CF00529E9E /* Devote.xcdatamodeld in Sources */,
				CD65412C296564CD00529E9E /* DevoteApp.swift in Sources */,
				CD2B247F2966D60F0053489C /* HideKeyboardExtention.swift in Sources */,
				CD7366922966F89A00D1DB03 /* Contants.swift in Sources */,
			);
			runOnlyForDeploymentPostprocessing = 0;
		};
/* End PBXSourcesBuildPhase section */

/* Begin XCBuildConfiguration section */
		CD654139296564CF00529E9E /* Debug */ = {
			isa = XCBuildConfiguration;
			buildSettings = {
				ALWAYS_SEARCH_USER_PATHS = NO;
				CLANG_ANALYZER_NONNULL = YES;
				CLANG_ANALYZER_NUMBER_OBJECT_CONVERSION = YES_AGGRESSIVE;
				CLANG_CXX_LANGUAGE_STANDARD = "gnu++20";
				CLANG_ENABLE_MODULES = YES;
				CLANG_ENABLE_OBJC_ARC = YES;
				CLANG_ENABLE_OBJC_WEAK = YES;
				CLANG_WARN_BLOCK_CAPTURE_AUTORELEASING = YES;
				CLANG_WARN_BOOL_CONVERSION = YES;
				CLANG_WARN_COMMA = YES;
				CLANG_WARN_CONSTANT_CONVERSION = YES;
				CLANG_WARN_DEPRECATED_OBJC_IMPLEMENTATIONS = YES;
				CLANG_WARN_DIRECT_OBJC_ISA_USAGE = YES_ERROR;
				CLANG_WARN_DOCUMENTATION_COMMENTS = YES;
				CLANG_WARN_EMPTY_BODY = YES;
				CLANG_WARN_ENUM_CONVERSION = YES;
				CLANG_WARN_INFINITE_RECURSION = YES;
				CLANG_WARN_INT_CONVERSION = YES;
				CLANG_WARN_NON_LITERAL_NULL_CONVERSION = YES;
				CLANG_WARN_OBJC_IMPLICIT_RETAIN_SELF = YES;
				CLANG_WARN_OBJC_LITERAL_CONVERSION = YES;
				CLANG_WARN_OBJC_ROOT_CLASS = YES_ERROR;
				CLANG_WARN_QUOTED_INCLUDE_IN_FRAMEWORK_HEADER = YES;
				CLANG_WARN_RANGE_LOOP_ANALYSIS = YES;
				CLANG_WARN_STRICT_PROTOTYPES = YES;
				CLANG_WARN_SUSPICIOUS_MOVE = YES;
				CLANG_WARN_UNGUARDED_AVAILABILITY = YES_AGGRESSIVE;
				CLANG_WARN_UNREACHABLE_CODE = YES;
				CLANG_WARN__DUPLICATE_METHOD_MATCH = YES;
				COPY_PHASE_STRIP = NO;
				DEBUG_INFORMATION_FORMAT = dwarf;
				ENABLE_STRICT_OBJC_MSGSEND = YES;
				ENABLE_TESTABILITY = YES;
				GCC_C_LANGUAGE_STANDARD = gnu11;
				GCC_DYNAMIC_NO_PIC = NO;
				GCC_NO_COMMON_BLOCKS = YES;
				GCC_OPTIMIZATION_LEVEL = 0;
				GCC_PREPROCESSOR_DEFINITIONS = (
					"DEBUG=1",
					"$(inherited)",
				);
				GCC_WARN_64_TO_32_BIT_CONVERSION = YES;
				GCC_WARN_ABOUT_RETURN_TYPE = YES_ERROR;
				GCC_WARN_UNDECLARED_SELECTOR = YES;
				GCC_WARN_UNINITIALIZED_AUTOS = YES_AGGRESSIVE;
				GCC_WARN_UNUSED_FUNCTION = YES;
				GCC_WARN_UNUSED_VARIABLE = YES;
				IPHONEOS_DEPLOYMENT_TARGET = 16.2;
				MTL_ENABLE_DEBUG_INFO = INCLUDE_SOURCE;
				MTL_FAST_MATH = YES;
				ONLY_ACTIVE_ARCH = YES;
				SDKROOT = iphoneos;
				SWIFT_ACTIVE_COMPILATION_CONDITIONS = DEBUG;
				SWIFT_OPTIMIZATION_LEVEL = "-Onone";
			};
			name = Debug;
		};
		CD65413A296564CF00529E9E /* Release */ = {
			isa = XCBuildConfiguration;
			buildSettings = {
				ALWAYS_SEARCH_USER_PATHS = NO;
				CLANG_ANALYZER_NONNULL = YES;
				CLANG_ANALYZER_NUMBER_OBJECT_CONVERSION = YES_AGGRESSIVE;
				CLANG_CXX_LANGUAGE_STANDARD = "gnu++20";
				CLANG_ENABLE_MODULES = YES;
				CLANG_ENABLE_OBJC_ARC = YES;
				CLANG_ENABLE_OBJC_WEAK = YES;
				CLANG_WARN_BLOCK_CAPTURE_AUTORELEASING = YES;
				CLANG_WARN_BOOL_CONVERSION = YES;
				CLANG_WARN_COMMA = YES;
				CLANG_WARN_CONSTANT_CONVERSION = YES;
				CLANG_WARN_DEPRECATED_OBJC_IMPLEMENTATIONS = YES;
				CLANG_WARN_DIRECT_OBJC_ISA_USAGE = YES_ERROR;
				CLANG_WARN_DOCUMENTATION_COMMENTS = YES;
				CLANG_WARN_EMPTY_BODY = YES;
				CLANG_WARN_ENUM_CONVERSION = YES;
				CLANG_WARN_INFINITE_RECURSION = YES;
				CLANG_WARN_INT_CONVERSION = YES;
				CLANG_WARN_NON_LITERAL_NULL_CONVERSION = YES;
				CLANG_WARN_OBJC_IMPLICIT_RETAIN_SELF = YES;
				CLANG_WARN_OBJC_LITERAL_CONVERSION = YES;
				CLANG_WARN_OBJC_ROOT_CLASS = YES_ERROR;
				CLANG_WARN_QUOTED_INCLUDE_IN_FRAMEWORK_HEADER = YES;
				CLANG_WARN_RANGE_LOOP_ANALYSIS = YES;
				CLANG_WARN_STRICT_PROTOTYPES = YES;
				CLANG_WARN_SUSPICIOUS_MOVE = YES;
				CLANG_WARN_UNGUARDED_AVAILABILITY = YES_AGGRESSIVE;
				CLANG_WARN_UNREACHABLE_CODE = YES;
				CLANG_WARN__DUPLICATE_METHOD_MATCH = YES;
				COPY_PHASE_STRIP = NO;
				DEBUG_INFORMATION_FORMAT = "dwarf-with-dsym";
				ENABLE_NS_ASSERTIONS = NO;
				ENABLE_STRICT_OBJC_MSGSEND = YES;
				GCC_C_LANGUAGE_STANDARD = gnu11;
				GCC_NO_COMMON_BLOCKS = YES;
				GCC_WARN_64_TO_32_BIT_CONVERSION = YES;
				GCC_WARN_ABOUT_RETURN_TYPE = YES_ERROR;
				GCC_WARN_UNDECLARED_SELECTOR = YES;
				GCC_WARN_UNINITIALIZED_AUTOS = YES_AGGRESSIVE;
				GCC_WARN_UNUSED_FUNCTION = YES;
				GCC_WARN_UNUSED_VARIABLE = YES;
				IPHONEOS_DEPLOYMENT_TARGET = 16.2;
				MTL_ENABLE_DEBUG_INFO = NO;
				MTL_FAST_MATH = YES;
				SDKROOT = iphoneos;
				SWIFT_COMPILATION_MODE = wholemodule;
				SWIFT_OPTIMIZATION_LEVEL = "-O";
				VALIDATE_PRODUCT = YES;
			};
			name = Release;
		};
		CD65413C296564CF00529E9E /* Debug */ = {
			isa = XCBuildConfiguration;
			buildSettings = {
				ASSETCATALOG_COMPILER_APPICON_NAME = AppIcon;
				ASSETCATALOG_COMPILER_GLOBAL_ACCENT_COLOR_NAME = AccentColor;
				CODE_SIGN_STYLE = Automatic;
				CURRENT_PROJECT_VERSION = 1;
				DEVELOPMENT_ASSET_PATHS = "\"Devote/Preview Content\"";
				DEVELOPMENT_TEAM = 244ADQF859;
				ENABLE_PREVIEWS = YES;
				GENERATE_INFOPLIST_FILE = YES;
				INFOPLIST_FILE = Devote/Info.plist;
				INFOPLIST_KEY_UIApplicationSceneManifest_Generation = YES;
				INFOPLIST_KEY_UIApplicationSupportsIndirectInputEvents = YES;
				INFOPLIST_KEY_UISupportedInterfaceOrientations_iPad = "UIInterfaceOrientationPortrait UIInterfaceOrientationPortraitUpsideDown UIInterfaceOrientationLandscapeLeft UIInterfaceOrientationLandscapeRight";
				INFOPLIST_KEY_UISupportedInterfaceOrientations_iPhone = "UIInterfaceOrientationPortrait UIInterfaceOrientationLandscapeLeft UIInterfaceOrientationLandscapeRight";
				LD_RUNPATH_SEARCH_PATHS = (
					"$(inherited)",
					"@executable_path/Frameworks",
				);
				MARKETING_VERSION = 1.0;
				PRODUCT_BUNDLE_IDENTIFIER = thong.doan.Devote;
				PRODUCT_NAME = "$(TARGET_NAME)";
				SWIFT_EMIT_LOC_STRINGS = YES;
				SWIFT_VERSION = 5.0;
				TARGETED_DEVICE_FAMILY = "1,2";
			};
			name = Debug;
		};
		CD65413D296564CF00529E9E /* Release */ = {
			isa = XCBuildConfiguration;
			buildSettings = {
				ASSETCATALOG_COMPILER_APPICON_NAME = AppIcon;
				ASSETCATALOG_COMPILER_GLOBAL_ACCENT_COLOR_NAME = AccentColor;
				CODE_SIGN_STYLE = Automatic;
				CURRENT_PROJECT_VERSION = 1;
				DEVELOPMENT_ASSET_PATHS = "\"Devote/Preview Content\"";
				DEVELOPMENT_TEAM = 244ADQF859;
				ENABLE_PREVIEWS = YES;
				GENERATE_INFOPLIST_FILE = YES;
				INFOPLIST_FILE = Devote/Info.plist;
				INFOPLIST_KEY_UIApplicationSceneManifest_Generation = YES;
				INFOPLIST_KEY_UIApplicationSupportsIndirectInputEvents = YES;
				INFOPLIST_KEY_UISupportedInterfaceOrientations_iPad = "UIInterfaceOrientationPortrait UIInterfaceOrientationPortraitUpsideDown UIInterfaceOrientationLandscapeLeft UIInterfaceOrientationLandscapeRight";
				INFOPLIST_KEY_UISupportedInterfaceOrientations_iPhone = "UIInterfaceOrientationPortrait UIInterfaceOrientationLandscapeLeft UIInterfaceOrientationLandscapeRight";
				LD_RUNPATH_SEARCH_PATHS = (
					"$(inherited)",
					"@executable_path/Frameworks",
				);
				MARKETING_VERSION = 1.0;
				PRODUCT_BUNDLE_IDENTIFIER = thong.doan.Devote;
				PRODUCT_NAME = "$(TARGET_NAME)";
				SWIFT_EMIT_LOC_STRINGS = YES;
				SWIFT_VERSION = 5.0;
				TARGETED_DEVICE_FAMILY = "1,2";
			};
			name = Release;
		};
/* End XCBuildConfiguration section */

/* Begin XCConfigurationList section */
		CD654123296564CD00529E9E /* Build configuration list for PBXProject "Devote" */ = {
			isa = XCConfigurationList;
			buildConfigurations = (
				CD654139296564CF00529E9E /* Debug */,
				CD65413A296564CF00529E9E /* Release */,
			);
			defaultConfigurationIsVisible = 0;
			defaultConfigurationName = Release;
		};
		CD65413B296564CF00529E9E /* Build configuration list for PBXNativeTarget "Devote" */ = {
			isa = XCConfigurationList;
			buildConfigurations = (
				CD65413C296564CF00529E9E /* Debug */,
				CD65413D296564CF00529E9E /* Release */,
			);
			defaultConfigurationIsVisible = 0;
			defaultConfigurationName = Release;
		};
/* End XCConfigurationList section */

/* Begin XCVersionGroup section */
		CD654136296564CF00529E9E /* Devote.xcdatamodeld */ = {
			isa = XCVersionGroup;
			children = (
				CD654137296564CF00529E9E /* Devote.xcdatamodel */,
			);
			currentVersion = CD654137296564CF00529E9E /* Devote.xcdatamodel */;
			path = Devote.xcdatamodeld;
			sourceTree = "<group>";
			versionGroupType = wrapper.xcdatamodel;
		};
/* End XCVersionGroup section */
	};
	rootObject = CD654120296564CD00529E9E /* Project object */;
}
