// !$*UTF8*$!
{
	archiveVersion = 1;
	classes = {
	};
	objectVersion = 56;
	objects = {

/* Begin PBXBuildFile section */
		A54A526B296AC86F00613376 /* ButtonAddNewItemView.swift in Sources */ = {isa = PBXBuildFile; fileRef = A54A526A296AC86F00613376 /* ButtonAddNewItemView.swift */; };
		A54A526D296AD63600613376 /* NewTaskItem.swift in Sources */ = {isa = PBXBuildFile; fileRef = A54A526C296AD63600613376 /* NewTaskItem.swift */; };
		A54A5271296ADD0900613376 /* CategoryModel.swift in Sources */ = {isa = PBXBuildFile; fileRef = A54A5270296ADD0900613376 /* CategoryModel.swift */; };
		A54A5273296AE0BE00613376 /* CodableBundleExtension.swift in Sources */ = {isa = PBXBuildFile; fileRef = A54A5272296AE0BE00613376 /* CodableBundleExtension.swift */; };
		A54A5275296AE0FE00613376 /* category.json in Resources */ = {isa = PBXBuildFile; fileRef = A54A5274296AE0FE00613376 /* category.json */; };
		A54A5277296AE11500613376 /* Contants.swift in Sources */ = {isa = PBXBuildFile; fileRef = A54A5276296AE11500613376 /* Contants.swift */; };
		A54A5279296AE17A00613376 /* CategoryItemGirdView.swift in Sources */ = {isa = PBXBuildFile; fileRef = A54A5278296AE17A00613376 /* CategoryItemGirdView.swift */; };
		A564A840296AC2FF0070ECFB /* DoItApp.swift in Sources */ = {isa = PBXBuildFile; fileRef = A564A83F296AC2FF0070ECFB /* DoItApp.swift */; };
		A564A842296AC2FF0070ECFB /* ContentView.swift in Sources */ = {isa = PBXBuildFile; fileRef = A564A841296AC2FF0070ECFB /* ContentView.swift */; };
		A564A844296AC3000070ECFB /* Assets.xcassets in Resources */ = {isa = PBXBuildFile; fileRef = A564A843296AC3000070ECFB /* Assets.xcassets */; };
		A564A847296AC3000070ECFB /* Preview Assets.xcassets in Resources */ = {isa = PBXBuildFile; fileRef = A564A846296AC3000070ECFB /* Preview Assets.xcassets */; };
		A564A849296AC3000070ECFB /* Persistence.swift in Sources */ = {isa = PBXBuildFile; fileRef = A564A848296AC3000070ECFB /* Persistence.swift */; };
		A564A84C296AC3000070ECFB /* DoIt.xcdatamodeld in Sources */ = {isa = PBXBuildFile; fileRef = A564A84A296AC3000070ECFB /* DoIt.xcdatamodeld */; };
/* End PBXBuildFile section */

/* Begin PBXFileReference section */
		A54A526A296AC86F00613376 /* ButtonAddNewItemView.swift */ = {isa = PBXFileReference; lastKnownFileType = sourcecode.swift; path = ButtonAddNewItemView.swift; sourceTree = "<group>"; };
		A54A526C296AD63600613376 /* NewTaskItem.swift */ = {isa = PBXFileReference; lastKnownFileType = sourcecode.swift; path = NewTaskItem.swift; sourceTree = "<group>"; };
		A54A5270296ADD0900613376 /* CategoryModel.swift */ = {isa = PBXFileReference; lastKnownFileType = sourcecode.swift; path = CategoryModel.swift; sourceTree = "<group>"; };
		A54A5272296AE0BE00613376 /* CodableBundleExtension.swift */ = {isa = PBXFileReference; lastKnownFileType = sourcecode.swift; path = CodableBundleExtension.swift; sourceTree = "<group>"; };
		A54A5274296AE0FE00613376 /* category.json */ = {isa = PBXFileReference; fileEncoding = 4; lastKnownFileType = text.json; path = category.json; sourceTree = "<group>"; };
		A54A5276296AE11500613376 /* Contants.swift */ = {isa = PBXFileReference; lastKnownFileType = sourcecode.swift; path = Contants.swift; sourceTree = "<group>"; };
		A54A5278296AE17A00613376 /* CategoryItemGirdView.swift */ = {isa = PBXFileReference; lastKnownFileType = sourcecode.swift; path = CategoryItemGirdView.swift; sourceTree = "<group>"; };
		A564A83C296AC2FF0070ECFB /* DoIt.app */ = {isa = PBXFileReference; explicitFileType = wrapper.application; includeInIndex = 0; path = DoIt.app; sourceTree = BUILT_PRODUCTS_DIR; };
		A564A83F296AC2FF0070ECFB /* DoItApp.swift */ = {isa = PBXFileReference; lastKnownFileType = sourcecode.swift; path = DoItApp.swift; sourceTree = "<group>"; };
		A564A841296AC2FF0070ECFB /* ContentView.swift */ = {isa = PBXFileReference; lastKnownFileType = sourcecode.swift; path = ContentView.swift; sourceTree = "<group>"; };
		A564A843296AC3000070ECFB /* Assets.xcassets */ = {isa = PBXFileReference; lastKnownFileType = folder.assetcatalog; path = Assets.xcassets; sourceTree = "<group>"; };
		A564A846296AC3000070ECFB /* Preview Assets.xcassets */ = {isa = PBXFileReference; lastKnownFileType = folder.assetcatalog; path = "Preview Assets.xcassets"; sourceTree = "<group>"; };
		A564A848296AC3000070ECFB /* Persistence.swift */ = {isa = PBXFileReference; lastKnownFileType = sourcecode.swift; path = Persistence.swift; sourceTree = "<group>"; };
		A564A84B296AC3000070ECFB /* DoIt.xcdatamodel */ = {isa = PBXFileReference; lastKnownFileType = wrapper.xcdatamodel; path = DoIt.xcdatamodel; sourceTree = "<group>"; };
/* End PBXFileReference section */

/* Begin PBXFrameworksBuildPhase section */
		A564A839296AC2FF0070ECFB /* Frameworks */ = {
			isa = PBXFrameworksBuildPhase;
			buildActionMask = 2147483647;
			files = (
			);
			runOnlyForDeploymentPostprocessing = 0;
		};
/* End PBXFrameworksBuildPhase section */

/* Begin PBXGroup section */
		A564A833296AC2FF0070ECFB = {
			isa = PBXGroup;
			children = (
				A564A83E296AC2FF0070ECFB /* DoIt */,
				A564A83D296AC2FF0070ECFB /* Products */,
			);
			sourceTree = "<group>";
		};
		A564A83D296AC2FF0070ECFB /* Products */ = {
			isa = PBXGroup;
			children = (
				A564A83C296AC2FF0070ECFB /* DoIt.app */,
			);
			name = Products;
			sourceTree = "<group>";
		};
		A564A83E296AC2FF0070ECFB /* DoIt */ = {
			isa = PBXGroup;
			children = (
				A564A857296AC6F10070ECFB /* Extension */,
				A564A856296AC6EB0070ECFB /* Utility */,
				A564A855296AC4970070ECFB /* App */,
				A564A854296AC4920070ECFB /* View */,
				A564A853296AC48B0070ECFB /* Model */,
				A564A852296AC4830070ECFB /* Data */,
				A564A843296AC3000070ECFB /* Assets.xcassets */,
				A564A845296AC3000070ECFB /* Preview Content */,
			);
			path = DoIt;
			sourceTree = "<group>";
		};
		A564A845296AC3000070ECFB /* Preview Content */ = {
			isa = PBXGroup;
			children = (
				A564A846296AC3000070ECFB /* Preview Assets.xcassets */,
			);
			path = "Preview Content";
			sourceTree = "<group>";
		};
		A564A852296AC4830070ECFB /* Data */ = {
			isa = PBXGroup;
			children = (
				A54A5274296AE0FE00613376 /* category.json */,
			);
			path = Data;
			sourceTree = "<group>";
		};
		A564A853296AC48B0070ECFB /* Model */ = {
			isa = PBXGroup;
			children = (
				A564A848296AC3000070ECFB /* Persistence.swift */,
				A564A84A296AC3000070ECFB /* DoIt.xcdatamodeld */,
				A54A5270296ADD0900613376 /* CategoryModel.swift */,
			);
			path = Model;
			sourceTree = "<group>";
		};
		A564A854296AC4920070ECFB /* View */ = {
			isa = PBXGroup;
			children = (
				A54A526A296AC86F00613376 /* ButtonAddNewItemView.swift */,
				A54A526C296AD63600613376 /* NewTaskItem.swift */,
				A54A5278296AE17A00613376 /* CategoryItemGirdView.swift */,
			);
			path = View;
			sourceTree = "<group>";
		};
		A564A855296AC4970070ECFB /* App */ = {
			isa = PBXGroup;
			children = (
				A564A83F296AC2FF0070ECFB /* DoItApp.swift */,
				A564A841296AC2FF0070ECFB /* ContentView.swift */,
			);
			path = App;
			sourceTree = "<group>";
		};
		A564A856296AC6EB0070ECFB /* Utility */ = {
			isa = PBXGroup;
			children = (
				A54A5276296AE11500613376 /* Contants.swift */,
			);
			path = Utility;
			sourceTree = "<group>";
		};
		A564A857296AC6F10070ECFB /* Extension */ = {
			isa = PBXGroup;
			children = (
				A54A5272296AE0BE00613376 /* CodableBundleExtension.swift */,
			);
			path = Extension;
			sourceTree = "<group>";
		};
/* End PBXGroup section */

/* Begin PBXNativeTarget section */
		A564A83B296AC2FF0070ECFB /* DoIt */ = {
			isa = PBXNativeTarget;
			buildConfigurationList = A564A84F296AC3000070ECFB /* Build configuration list for PBXNativeTarget "DoIt" */;
			buildPhases = (
				A564A838296AC2FF0070ECFB /* Sources */,
				A564A839296AC2FF0070ECFB /* Frameworks */,
				A564A83A296AC2FF0070ECFB /* Resources */,
			);
			buildRules = (
			);
			dependencies = (
			);
			name = DoIt;
			productName = DoIt;
			productReference = A564A83C296AC2FF0070ECFB /* DoIt.app */;
			productType = "com.apple.product-type.application";
		};
/* End PBXNativeTarget section */

/* Begin PBXProject section */
		A564A834296AC2FF0070ECFB /* Project object */ = {
			isa = PBXProject;
			attributes = {
				BuildIndependentTargetsInParallel = 1;
				LastSwiftUpdateCheck = 1420;
				LastUpgradeCheck = 1420;
				TargetAttributes = {
					A564A83B296AC2FF0070ECFB = {
						CreatedOnToolsVersion = 14.2;
					};
				};
			};
			buildConfigurationList = A564A837296AC2FF0070ECFB /* Build configuration list for PBXProject "DoIt" */;
			compatibilityVersion = "Xcode 14.0";
			developmentRegion = en;
			hasScannedForEncodings = 0;
			knownRegions = (
				en,
				Base,
			);
			mainGroup = A564A833296AC2FF0070ECFB;
			productRefGroup = A564A83D296AC2FF0070ECFB /* Products */;
			projectDirPath = "";
			projectRoot = "";
			targets = (
				A564A83B296AC2FF0070ECFB /* DoIt */,
			);
		};
/* End PBXProject section */

/* Begin PBXResourcesBuildPhase section */
		A564A83A296AC2FF0070ECFB /* Resources */ = {
			isa = PBXResourcesBuildPhase;
			buildActionMask = 2147483647;
			files = (
				A54A5275296AE0FE00613376 /* category.json in Resources */,
				A564A847296AC3000070ECFB /* Preview Assets.xcassets in Resources */,
				A564A844296AC3000070ECFB /* Assets.xcassets in Resources */,
			);
			runOnlyForDeploymentPostprocessing = 0;
		};
/* End PBXResourcesBuildPhase section */

/* Begin PBXSourcesBuildPhase section */
		A564A838296AC2FF0070ECFB /* Sources */ = {
			isa = PBXSourcesBuildPhase;
			buildActionMask = 2147483647;
			files = (
				A54A5273296AE0BE00613376 /* CodableBundleExtension.swift in Sources */,
				A54A526D296AD63600613376 /* NewTaskItem.swift in Sources */,
				A564A849296AC3000070ECFB /* Persistence.swift in Sources */,
				A54A5279296AE17A00613376 /* CategoryItemGirdView.swift in Sources */,
				A54A526B296AC86F00613376 /* ButtonAddNewItemView.swift in Sources */,
				A564A84C296AC3000070ECFB /* DoIt.xcdatamodeld in Sources */,
				A54A5277296AE11500613376 /* Contants.swift in Sources */,
				A54A5271296ADD0900613376 /* CategoryModel.swift in Sources */,
				A564A842296AC2FF0070ECFB /* ContentView.swift in Sources */,
				A564A840296AC2FF0070ECFB /* DoItApp.swift in Sources */,
			);
			runOnlyForDeploymentPostprocessing = 0;
		};
/* End PBXSourcesBuildPhase section */

/* Begin XCBuildConfiguration section */
		A564A84D296AC3000070ECFB /* Debug */ = {
			isa = XCBuildConfiguration;
			buildSettings = {
				ALWAYS_SEARCH_USER_PATHS = NO;
				CLANG_ANALYZER_NONNULL = YES;
				CLANG_ANALYZER_NUMBER_OBJECT_CONVERSION = YES_AGGRESSIVE;
				CLANG_CXX_LANGUAGE_STANDARD = "gnu++20";
				CLANG_ENABLE_MODULES = YES;
				CLANG_ENABLE_OBJC_ARC = YES;
				CLANG_ENABLE_OBJC_WEAK = YES;
				CLANG_WARN_BLOCK_CAPTURE_AUTORELEASING = YES;
				CLANG_WARN_BOOL_CONVERSION = YES;
				CLANG_WARN_COMMA = YES;
				CLANG_WARN_CONSTANT_CONVERSION = YES;
				CLANG_WARN_DEPRECATED_OBJC_IMPLEMENTATIONS = YES;
				CLANG_WARN_DIRECT_OBJC_ISA_USAGE = YES_ERROR;
				CLANG_WARN_DOCUMENTATION_COMMENTS = YES;
				CLANG_WARN_EMPTY_BODY = YES;
				CLANG_WARN_ENUM_CONVERSION = YES;
				CLANG_WARN_INFINITE_RECURSION = YES;
				CLANG_WARN_INT_CONVERSION = YES;
				CLANG_WARN_NON_LITERAL_NULL_CONVERSION = YES;
				CLANG_WARN_OBJC_IMPLICIT_RETAIN_SELF = YES;
				CLANG_WARN_OBJC_LITERAL_CONVERSION = YES;
				CLANG_WARN_OBJC_ROOT_CLASS = YES_ERROR;
				CLANG_WARN_QUOTED_INCLUDE_IN_FRAMEWORK_HEADER = YES;
				CLANG_WARN_RANGE_LOOP_ANALYSIS = YES;
				CLANG_WARN_STRICT_PROTOTYPES = YES;
				CLANG_WARN_SUSPICIOUS_MOVE = YES;
				CLANG_WARN_UNGUARDED_AVAILABILITY = YES_AGGRESSIVE;
				CLANG_WARN_UNREACHABLE_CODE = YES;
				CLANG_WARN__DUPLICATE_METHOD_MATCH = YES;
				COPY_PHASE_STRIP = NO;
				DEBUG_INFORMATION_FORMAT = dwarf;
				ENABLE_STRICT_OBJC_MSGSEND = YES;
				ENABLE_TESTABILITY = YES;
				GCC_C_LANGUAGE_STANDARD = gnu11;
				GCC_DYNAMIC_NO_PIC = NO;
				GCC_NO_COMMON_BLOCKS = YES;
				GCC_OPTIMIZATION_LEVEL = 0;
				GCC_PREPROCESSOR_DEFINITIONS = (
					"DEBUG=1",
					"$(inherited)",
				);
				GCC_WARN_64_TO_32_BIT_CONVERSION = YES;
				GCC_WARN_ABOUT_RETURN_TYPE = YES_ERROR;
				GCC_WARN_UNDECLARED_SELECTOR = YES;
				GCC_WARN_UNINITIALIZED_AUTOS = YES_AGGRESSIVE;
				GCC_WARN_UNUSED_FUNCTION = YES;
				GCC_WARN_UNUSED_VARIABLE = YES;
				IPHONEOS_DEPLOYMENT_TARGET = 16.2;
				MTL_ENABLE_DEBUG_INFO = INCLUDE_SOURCE;
				MTL_FAST_MATH = YES;
				ONLY_ACTIVE_ARCH = YES;
				SDKROOT = iphoneos;
				SWIFT_ACTIVE_COMPILATION_CONDITIONS = DEBUG;
				SWIFT_OPTIMIZATION_LEVEL = "-Onone";
			};
			name = Debug;
		};
		A564A84E296AC3000070ECFB /* Release */ = {
			isa = XCBuildConfiguration;
			buildSettings = {
				ALWAYS_SEARCH_USER_PATHS = NO;
				CLANG_ANALYZER_NONNULL = YES;
				CLANG_ANALYZER_NUMBER_OBJECT_CONVERSION = YES_AGGRESSIVE;
				CLANG_CXX_LANGUAGE_STANDARD = "gnu++20";
				CLANG_ENABLE_MODULES = YES;
				CLANG_ENABLE_OBJC_ARC = YES;
				CLANG_ENABLE_OBJC_WEAK = YES;
				CLANG_WARN_BLOCK_CAPTURE_AUTORELEASING = YES;
				CLANG_WARN_BOOL_CONVERSION = YES;
				CLANG_WARN_COMMA = YES;
				CLANG_WARN_CONSTANT_CONVERSION = YES;
				CLANG_WARN_DEPRECATED_OBJC_IMPLEMENTATIONS = YES;
				CLANG_WARN_DIRECT_OBJC_ISA_USAGE = YES_ERROR;
				CLANG_WARN_DOCUMENTATION_COMMENTS = YES;
				CLANG_WARN_EMPTY_BODY = YES;
				CLANG_WARN_ENUM_CONVERSION = YES;
				CLANG_WARN_INFINITE_RECURSION = YES;
				CLANG_WARN_INT_CONVERSION = YES;
				CLANG_WARN_NON_LITERAL_NULL_CONVERSION = YES;
				CLANG_WARN_OBJC_IMPLICIT_RETAIN_SELF = YES;
				CLANG_WARN_OBJC_LITERAL_CONVERSION = YES;
				CLANG_WARN_OBJC_ROOT_CLASS = YES_ERROR;
				CLANG_WARN_QUOTED_INCLUDE_IN_FRAMEWORK_HEADER = YES;
				CLANG_WARN_RANGE_LOOP_ANALYSIS = YES;
				CLANG_WARN_STRICT_PROTOTYPES = YES;
				CLANG_WARN_SUSPICIOUS_MOVE = YES;
				CLANG_WARN_UNGUARDED_AVAILABILITY = YES_AGGRESSIVE;
				CLANG_WARN_UNREACHABLE_CODE = YES;
				CLANG_WARN__DUPLICATE_METHOD_MATCH = YES;
				COPY_PHASE_STRIP = NO;
				DEBUG_INFORMATION_FORMAT = "dwarf-with-dsym";
				ENABLE_NS_ASSERTIONS = NO;
				ENABLE_STRICT_OBJC_MSGSEND = YES;
				GCC_C_LANGUAGE_STANDARD = gnu11;
				GCC_NO_COMMON_BLOCKS = YES;
				GCC_WARN_64_TO_32_BIT_CONVERSION = YES;
				GCC_WARN_ABOUT_RETURN_TYPE = YES_ERROR;
				GCC_WARN_UNDECLARED_SELECTOR = YES;
				GCC_WARN_UNINITIALIZED_AUTOS = YES_AGGRESSIVE;
				GCC_WARN_UNUSED_FUNCTION = YES;
				GCC_WARN_UNUSED_VARIABLE = YES;
				IPHONEOS_DEPLOYMENT_TARGET = 16.2;
				MTL_ENABLE_DEBUG_INFO = NO;
				MTL_FAST_MATH = YES;
				SDKROOT = iphoneos;
				SWIFT_COMPILATION_MODE = wholemodule;
				SWIFT_OPTIMIZATION_LEVEL = "-O";
				VALIDATE_PRODUCT = YES;
			};
			name = Release;
		};
		A564A850296AC3000070ECFB /* Debug */ = {
			isa = XCBuildConfiguration;
			buildSettings = {
				ASSETCATALOG_COMPILER_APPICON_NAME = AppIcon;
				ASSETCATALOG_COMPILER_GLOBAL_ACCENT_COLOR_NAME = AccentColor;
				CODE_SIGN_STYLE = Automatic;
				CURRENT_PROJECT_VERSION = 1;
				DEVELOPMENT_ASSET_PATHS = "\"DoIt/Preview Content\"";
				ENABLE_PREVIEWS = YES;
				GENERATE_INFOPLIST_FILE = YES;
				INFOPLIST_KEY_UIApplicationSceneManifest_Generation = YES;
				INFOPLIST_KEY_UIApplicationSupportsIndirectInputEvents = YES;
				INFOPLIST_KEY_UILaunchScreen_Generation = YES;
				INFOPLIST_KEY_UISupportedInterfaceOrientations = UIInterfaceOrientationPortrait;
				INFOPLIST_KEY_UISupportedInterfaceOrientations_iPad = "UIInterfaceOrientationLandscapeLeft UIInterfaceOrientationLandscapeRight UIInterfaceOrientationPortrait UIInterfaceOrientationPortraitUpsideDown";
				IPHONEOS_DEPLOYMENT_TARGET = 16.0;
				LD_RUNPATH_SEARCH_PATHS = (
					"$(inherited)",
					"@executable_path/Frameworks",
				);
				MARKETING_VERSION = 1.0;
				PRODUCT_BUNDLE_IDENTIFIER = thong.doan.DoIt;
				PRODUCT_NAME = "$(TARGET_NAME)";
				SWIFT_EMIT_LOC_STRINGS = YES;
				SWIFT_VERSION = 5.0;
				TARGETED_DEVICE_FAMILY = "1,2";
			};
			name = Debug;
		};
		A564A851296AC3000070ECFB /* Release */ = {
			isa = XCBuildConfiguration;
			buildSettings = {
				ASSETCATALOG_COMPILER_APPICON_NAME = AppIcon;
				ASSETCATALOG_COMPILER_GLOBAL_ACCENT_COLOR_NAME = AccentColor;
				CODE_SIGN_STYLE = Automatic;
				CURRENT_PROJECT_VERSION = 1;
				DEVELOPMENT_ASSET_PATHS = "\"DoIt/Preview Content\"";
				ENABLE_PREVIEWS = YES;
				GENERATE_INFOPLIST_FILE = YES;
				INFOPLIST_KEY_UIApplicationSceneManifest_Generation = YES;
				INFOPLIST_KEY_UIApplicationSupportsIndirectInputEvents = YES;
				INFOPLIST_KEY_UILaunchScreen_Generation = YES;
				INFOPLIST_KEY_UISupportedInterfaceOrientations = UIInterfaceOrientationPortrait;
				INFOPLIST_KEY_UISupportedInterfaceOrientations_iPad = "UIInterfaceOrientationLandscapeLeft UIInterfaceOrientationLandscapeRight UIInterfaceOrientationPortrait UIInterfaceOrientationPortraitUpsideDown";
				IPHONEOS_DEPLOYMENT_TARGET = 16.0;
				LD_RUNPATH_SEARCH_PATHS = (
					"$(inherited)",
					"@executable_path/Frameworks",
				);
				MARKETING_VERSION = 1.0;
				PRODUCT_BUNDLE_IDENTIFIER = thong.doan.DoIt;
				PRODUCT_NAME = "$(TARGET_NAME)";
				SWIFT_EMIT_LOC_STRINGS = YES;
				SWIFT_VERSION = 5.0;
				TARGETED_DEVICE_FAMILY = "1,2";
			};
			name = Release;
		};
/* End XCBuildConfiguration section */

/* Begin XCConfigurationList section */
		A564A837296AC2FF0070ECFB /* Build configuration list for PBXProject "DoIt" */ = {
			isa = XCConfigurationList;
			buildConfigurations = (
				A564A84D296AC3000070ECFB /* Debug */,
				A564A84E296AC3000070ECFB /* Release */,
			);
			defaultConfigurationIsVisible = 0;
			defaultConfigurationName = Release;
		};
		A564A84F296AC3000070ECFB /* Build configuration list for PBXNativeTarget "DoIt" */ = {
			isa = XCConfigurationList;
			buildConfigurations = (
				A564A850296AC3000070ECFB /* Debug */,
				A564A851296AC3000070ECFB /* Release */,
			);
			defaultConfigurationIsVisible = 0;
			defaultConfigurationName = Release;
		};
/* End XCConfigurationList section */

/* Begin XCVersionGroup section */
		A564A84A296AC3000070ECFB /* DoIt.xcdatamodeld */ = {
			isa = XCVersionGroup;
			children = (
				A564A84B296AC3000070ECFB /* DoIt.xcdatamodel */,
			);
			currentVersion = A564A84B296AC3000070ECFB /* DoIt.xcdatamodel */;
			path = DoIt.xcdatamodeld;
			sourceTree = "<group>";
			versionGroupType = wrapper.xcdatamodel;
		};
/* End XCVersionGroup section */
	};
	rootObject = A564A834296AC2FF0070ECFB /* Project object */;
}
